
Microsoft Visual Studio Solution File, Format Version 12.00
# Visual Studio Version 16
VisualStudioVersion = 16.0.31624.102
MinimumVisualStudioVersion = 10.0.40219.1
Project("{9A19103F-16F7-4668-BE54-9A1E7A4F7556}") = "PayspaceAssessmentKibuluku", "PayspaceAssessmentKibuluku.csproj", "{1F136093-645A-4ADB-A21F-9150E31D741F}"
EndProject
Project("{FAE04EC0-301F-11D3-BF4B-00C04F79EFBC}") = "AssessmentUnitTest", "..\AssessmentUnitTest\AssessmentUnitTest.csproj", "{16B2F841-8201-4A23-B489-C567D933F202}"
EndProject
Global
	GlobalSection(SolutionConfigurationPlatforms) = preSolution
		Debug|Any CPU = Debug|Any CPU
		Release|Any CPU = Release|Any CPU
	EndGlobalSection
	GlobalSection(ProjectConfigurationPlatforms) = postSolution
		{1F136093-645A-4ADB-A21F-9150E31D741F}.Debug|Any CPU.ActiveCfg = Debug|Any CPU
		{1F136093-645A-4ADB-A21F-9150E31D741F}.Debug|Any CPU.Build.0 = Debug|Any CPU
		{1F136093-645A-4ADB-A21F-9150E31D741F}.Release|Any CPU.ActiveCfg = Release|Any CPU
		{1F136093-645A-4ADB-A21F-9150E31D741F}.Release|Any CPU.Build.0 = Release|Any CPU
		{16B2F841-8201-4A23-B489-C567D933F202}.Debug|Any CPU.ActiveCfg = Debug|Any CPU
		{16B2F841-8201-4A23-B489-C567D933F202}.Debug|Any CPU.Build.0 = Debug|Any CPU
		{16B2F841-8201-4A23-B489-C567D933F202}.Release|Any CPU.ActiveCfg = Release|Any CPU
		{16B2F841-8201-4A23-B489-C567D933F202}.Release|Any CPU.Build.0 = Release|Any CPU
	EndGlobalSection
	GlobalSection(SolutionProperties) = preSolution
		HideSolutionNode = FALSE
	EndGlobalSection
	GlobalSection(ExtensibilityGlobals) = postSolution
		SolutionGuid = {6C639100-CD1B-47B4-BECE-B7654078F298}
	EndGlobalSection
EndGlobal
